
Microsoft Visual Studio Solution File, Format Version 12.00
# Visual Studio Version 16
VisualStudioVersion = 16.0.31410.357
MinimumVisualStudioVersion = 10.0.40219.1
Project("{9A19103F-16F7-4668-BE54-9A1E7A4F7556}") = "TFIDF.NET", "TFIDF.NET.csproj", "{CE40ACC8-7972-4CD5-A8FF-7D3B6371BD22}"
EndProject
Project("{FAE04EC0-301F-11D3-BF4B-00C04F79EFBC}") = "TFIDF.NET.Tests", "TFIDF.NET.Tests\TFIDF.NET.Tests.csproj", "{243E8299-7118-464C-B406-ECC0FE16DAB3}"
EndProject
Global
	GlobalSection(SolutionConfigurationPlatforms) = preSolution
		Debug|Any CPU = Debug|Any CPU
		Release|Any CPU = Release|Any CPU
	EndGlobalSection
	GlobalSection(ProjectConfigurationPlatforms) = postSolution
		{CE40ACC8-7972-4CD5-A8FF-7D3B6371BD22}.Debug|Any CPU.ActiveCfg = Debug|Any CPU
		{CE40ACC8-7972-4CD5-A8FF-7D3B6371BD22}.Debug|Any CPU.Build.0 = Debug|Any CPU
		{CE40ACC8-7972-4CD5-A8FF-7D3B6371BD22}.Release|Any CPU.ActiveCfg = Release|Any CPU
		{CE40ACC8-7972-4CD5-A8FF-7D3B6371BD22}.Release|Any CPU.Build.0 = Release|Any CPU
		{243E8299-7118-464C-B406-ECC0FE16DAB3}.Debug|Any CPU.ActiveCfg = Debug|Any CPU
		{243E8299-7118-464C-B406-ECC0FE16DAB3}.Debug|Any CPU.Build.0 = Debug|Any CPU
		{243E8299-7118-464C-B406-ECC0FE16DAB3}.Release|Any CPU.ActiveCfg = Release|Any CPU
		{243E8299-7118-464C-B406-ECC0FE16DAB3}.Release|Any CPU.Build.0 = Release|Any CPU
	EndGlobalSection
	GlobalSection(SolutionProperties) = preSolution
		HideSolutionNode = FALSE
	EndGlobalSection
	GlobalSection(ExtensibilityGlobals) = postSolution
		SolutionGuid = {B1BC3B78-FC7F-4A57-B0AE-C94078FBF481}
	EndGlobalSection
EndGlobal
